
Microsoft Visual Studio Solution File, Format Version 12.00
# Visual Studio Version 17
VisualStudioVersion = 17.3.32825.248
MinimumVisualStudioVersion = 10.0.40219.1
Project("{FAE04EC0-301F-11D3-BF4B-00C04F79EFBC}") = "MyFirstConsoleApp", "MyFirstConsoleApp\MyFirstConsoleApp.csproj", "{13D4D752-AD2E-4B0F-8B29-6DA5AEDF44F8}"
EndProject
Project("{2150E333-8FDC-42A3-9474-1A3956D46DE8}") = "BusinessLogic", "BusinessLogic", "{73E12A1E-3466-4094-8C7D-3EEDCADB63CC}"
EndProject
Project("{FAE04EC0-301F-11D3-BF4B-00C04F79EFBC}") = "CalculatorLibrary", "CalculatorLibrary\CalculatorLibrary.csproj", "{4D97BC6E-F28F-4CC9-BF94-C49CC35ABDB1}"
EndProject
Project("{FAE04EC0-301F-11D3-BF4B-00C04F79EFBC}") = "Calculator_UI_WindowsFormsApp1", "Calculator_UI_WindowsFormsApp1\Calculator_UI_WindowsFormsApp1.csproj", "{559CE82A-B355-452A-AC31-C15B7DF01E17}"
EndProject
Project("{FAE04EC0-301F-11D3-BF4B-00C04F79EFBC}") = "Class_Exercise", "Class_Exercise\Class_Exercise.csproj", "{35A9E7FE-C490-487C-AD6C-CBA9323C7497}"
EndProject
Project("{2150E333-8FDC-42A3-9474-1A3956D46DE8}") = "IDE_Case_Study", "IDE_Case_Study", "{1860C72C-7767-42CB-8A85-BD90ADE07697}"
EndProject
Project("{FAE04EC0-301F-11D3-BF4B-00C04F79EFBC}") = "IDE_CaseStudy_Console_Application", "IDE_CaseStudy_Console_Application\IDE_CaseStudy_Console_Application.csproj", "{C74733AE-B628-4496-BBFA-A5FB1F87E7C1}"
EndProject
Project("{FAE04EC0-301F-11D3-BF4B-00C04F79EFBC}") = "Parameter_Passing_Exercise", "Parameter_Passing_Exercise\Parameter_Passing_Exercise.csproj", "{984D5088-9BD5-48A9-8F56-425B8999CFEC}"
EndProject
Project("{FAE04EC0-301F-11D3-BF4B-00C04F79EFBC}") = "Constructors_Exercise", "Constructors_Exercise\Constructors_Exercise.csproj", "{669119FC-33FB-4535-AAA1-0CBB8D882C32}"
EndProject
Project("{FAE04EC0-301F-11D3-BF4B-00C04F79EFBC}") = "Static_Exercise", "Static_Exercise\Static_Exercise.csproj", "{4D42CC22-750F-4D82-8416-FBBB1E8FE466}"
EndProject
Project("{FAE04EC0-301F-11D3-BF4B-00C04F79EFBC}") = "ReferenceTypesExercise", "ReferenceTypesExercise\ReferenceTypesExercise.csproj", "{0DFF53E6-EC71-4F83-B7B8-DFF184795F70}"
EndProject
Project("{FAE04EC0-301F-11D3-BF4B-00C04F79EFBC}") = "Properties_Exercise", "Properties_Exercise\Properties_Exercise.csproj", "{12FD3B86-928E-4AA2-BAE1-8EB5AEB54937}"
EndProject
Project("{FAE04EC0-301F-11D3-BF4B-00C04F79EFBC}") = "IndexerExercises", "IndexerExercises\IndexerExercises.csproj", "{80639121-58AC-445B-A393-3074B80876D6}"
EndProject
Project("{FAE04EC0-301F-11D3-BF4B-00C04F79EFBC}") = "InheritanceExercise", "InheritanceExercise\InheritanceExercise.csproj", "{447EC8D0-6DB6-46B4-B6C7-486E256C74C2}"
EndProject
Project("{FAE04EC0-301F-11D3-BF4B-00C04F79EFBC}") = "BindingExercise", "BindingExercise\BindingExercise.csproj", "{6E2E5618-A8D6-420B-AA36-6D3BFC5430E6}"
EndProject
Project("{FAE04EC0-301F-11D3-BF4B-00C04F79EFBC}") = "CollectionsDemo", "CollectionsDemo\CollectionsDemo.csproj", "{2F334075-7E50-47BC-9E1C-27CC1D4F41F8}"
EndProject
Project("{FAE04EC0-301F-11D3-BF4B-00C04F79EFBC}") = "InterfaceExercise", "InterfaceExercise\InterfaceExercise.csproj", "{14D800E2-64E7-4D5B-89C6-6043155A2FE6}"
EndProject
Project("{FAE04EC0-301F-11D3-BF4B-00C04F79EFBC}") = "ExceptionsExercise", "ExceptionsExercise\ExceptionsExercise.csproj", "{5B0873A1-9589-48C7-973C-A874823C6667}"
EndProject
Project("{FAE04EC0-301F-11D3-BF4B-00C04F79EFBC}") = "NamespacesExercise", "NamespacesExercise\NamespacesExercise.csproj", "{5960C407-31D7-4413-B01C-09B8C368523D}"
EndProject
Project("{2150E333-8FDC-42A3-9474-1A3956D46DE8}") = "CollectionsExercise", "CollectionsExercise", "{344621BD-B65D-4642-B299-F88265525948}"
EndProject
Project("{FAE04EC0-301F-11D3-BF4B-00C04F79EFBC}") = "FrequencyCount", "FrequencyCount\FrequencyCount.csproj", "{1E6911B9-5691-41AC-9B26-F2CE636CFDB2}"
EndProject
Project("{FAE04EC0-301F-11D3-BF4B-00C04F79EFBC}") = "DelegatesExercise", "DelegatesExercise\DelegatesExercise.csproj", "{EE409741-8A4E-4CFF-975C-AC74ADE39B53}"
EndProject
Project("{FAE04EC0-301F-11D3-BF4B-00C04F79EFBC}") = "TrainingAppProblem1", "TrainingAppProblem1\TrainingAppProblem1.csproj", "{C0D47EA1-830C-404D-8273-4AD65855AB65}"
EndProject
Project("{FAE04EC0-301F-11D3-BF4B-00C04F79EFBC}") = "CompanyOrders-02", "CompanyOrders-02\CompanyOrders-02.csproj", "{C3EACD2D-6B5E-4935-BDB1-04C1F9B0109B}"
EndProject
Project("{FAE04EC0-301F-11D3-BF4B-00C04F79EFBC}") = "SkillAssure-03", "SkillAssure-03\SkillAssure-03.csproj", "{46B03D9A-9E29-4611-B9C1-34118F8D7719}"
EndProject
Project("{FAE04EC0-301F-11D3-BF4B-00C04F79EFBC}") = "MembershipApp-04", "MembershipApp-04\MembershipApp-04.csproj", "{57D9F106-392C-4F21-AF3F-675B786AA181}"
EndProject
Project("{FAE04EC0-301F-11D3-BF4B-00C04F79EFBC}") = "RobotExercise", "RobotExercise\RobotExercise.csproj", "{C267E8B4-1BF3-4190-9877-33133F7BF766}"
EndProject
Project("{FAE04EC0-301F-11D3-BF4B-00C04F79EFBC}") = "CompanyOrders_VenkatSir", "CompanyOrders_VenkatSir\CompanyOrders_VenkatSir.csproj", "{8C4B6A13-EEA9-4554-B9D0-1ADDD07E938C}"
EndProject
Project("{2150E333-8FDC-42A3-9474-1A3956D46DE8}") = "ExceptionsDemo", "ExceptionsDemo", "{C23F80D9-8452-4F83-B928-6590594083DD}"
EndProject
Project("{FAE04EC0-301F-11D3-BF4B-00C04F79EFBC}") = "ExceptionsDemoConsoleApp1", "ExceptionsDemoConsoleApp1\ExceptionsDemoConsoleApp1.csproj", "{D8BC6109-6D94-4A72-AE79-4C65B0506D05}"
EndProject
Project("{FAE04EC0-301F-11D3-BF4B-00C04F79EFBC}") = "Dispose_Function_Implementation", "Dispose_Function_Implementation\Dispose_Function_Implementation.csproj", "{AC6F539D-BC5F-4A0B-A55A-E13ABC94534F}"
EndProject
Project("{2150E333-8FDC-42A3-9474-1A3956D46DE8}") = "MultiLayeredApp", "MultiLayeredApp", "{93C9C994-1092-472B-9FB2-A6655850EE28}"
EndProject
Project("{FAE04EC0-301F-11D3-BF4B-00C04F79EFBC}") = "CalculatorConsoleApp", "CalculatorConsoleApp\CalculatorConsoleApp.csproj", "{B0B19CDD-190B-4695-A223-C0FB68B3BC3D}"
EndProject
Project("{2150E333-8FDC-42A3-9474-1A3956D46DE8}") = "PresentationLayer", "PresentationLayer", "{D8E79DD1-7060-43FB-897E-7F5DCDF5CFE4}"
EndProject
Project("{FAE04EC0-301F-11D3-BF4B-00C04F79EFBC}") = "CalculatorLibrary.UnitTestProject", "CalculatorLibrary.UnitTestProject\CalculatorLibrary.UnitTestProject.csproj", "{B8FA26F1-97D7-4D7C-B5E6-6203E1B1E7CE}"
EndProject
Project("{2150E333-8FDC-42A3-9474-1A3956D46DE8}") = "UnitTestingLabExercise", "UnitTestingLabExercise", "{63AD4A5D-95AA-4EFA-968D-EE868E640DDA}"
EndProject
Project("{2150E333-8FDC-42A3-9474-1A3956D46DE8}") = "BusinessLogic", "BusinessLogic", "{69579945-297A-46EF-B64E-C4AEB27CDA97}"
EndProject
Project("{FAE04EC0-301F-11D3-BF4B-00C04F79EFBC}") = "UnitTestLabLibrary", "UnitTestLabLibrary\UnitTestLabLibrary.csproj", "{21FCDFFB-0508-4224-AC6C-D2A0DE7E833A}"
EndProject
Project("{FAE04EC0-301F-11D3-BF4B-00C04F79EFBC}") = "UnitTestLabExercise.UnitTestProject1", "UnitTestLabExercise.UnitTestProject1\UnitTestLabExercise.UnitTestProject1.csproj", "{26C34B0A-1A07-4027-8C95-6CA323EBB5FE}"
EndProject
Project("{FAE04EC0-301F-11D3-BF4B-00C04F79EFBC}") = "AccountProblemStatementExercise", "AccountProblemStatementExercise\AccountProblemStatementExercise.csproj", "{B66DD470-E67C-4860-9AB3-1305C700F05B}"
EndProject
Project("{2150E333-8FDC-42A3-9474-1A3956D46DE8}") = "DataLayer", "DataLayer", "{09ED01AE-ED19-424A-91A1-9D03F8C15DE2}"
EndProject
Project("{FAE04EC0-301F-11D3-BF4B-00C04F79EFBC}") = "CalculatorDataLayer", "CalculatorDataLayer\CalculatorDataLayer.csproj", "{EFA7CDBB-5C64-4865-9F88-7EFC53CD7F0B}"
EndProject
Project("{2150E333-8FDC-42A3-9474-1A3956D46DE8}") = "DelegatesDemo", "DelegatesDemo", "{750E19BF-58E3-40A6-836B-20148A9DB822}"
EndProject
Project("{FAE04EC0-301F-11D3-BF4B-00C04F79EFBC}") = "DelegatesDemo1", "DelegatesDemo1\DelegatesDemo1.csproj", "{046DC81D-B2D2-4187-99BE-58BDBB45CCC1}"
EndProject
Project("{FAE04EC0-301F-11D3-BF4B-00C04F79EFBC}") = "DelegatesDemo2(ApplicationsOfDelegates)", "DelegatesDemo2(ApplicationsOfDelegates)\DelegatesDemo2(ApplicationsOfDelegates).csproj", "{EE8E28C1-FCEE-40B5-9340-120C6606C100}"
EndProject
Project("{FAE04EC0-301F-11D3-BF4B-00C04F79EFBC}") = "DelegatesDemo3", "DelegatesDemo3\DelegatesDemo3.csproj", "{FBA63911-F756-4D53-AEDC-2AB829EA212A}"
EndProject
Project("{2150E333-8FDC-42A3-9474-1A3956D46DE8}") = "FILE IO", "FILE IO", "{4AE10335-3F5A-4A66-8512-01B94EAA456F}"
EndProject
Project("{FAE04EC0-301F-11D3-BF4B-00C04F79EFBC}") = "FileDemo1", "FileDemo1\FileDemo1.csproj", "{C36AD576-D640-4DB3-92D3-26C18108779F}"
EndProject
Project("{FAE04EC0-301F-11D3-BF4B-00C04F79EFBC}") = "ContactsManagementApp", "ContactsManagementApp\ContactsManagementApp.csproj", "{74DDA5AC-8353-4046-8F08-7B685B6A917C}"
EndProject
Project("{FAE04EC0-301F-11D3-BF4B-00C04F79EFBC}") = "FileIODemo3", "FileIODemo3\FileIODemo3.csproj", "{F1F3F298-1F33-4FDF-A775-6B52A506BF5F}"
EndProject
Project("{2150E333-8FDC-42A3-9474-1A3956D46DE8}") = "AI Recommendation CaseStudy", "AI Recommendation CaseStudy", "{0B23955F-39D0-4C14-A01C-3DACBFF1C83F}"
EndProject
Project("{2150E333-8FDC-42A3-9474-1A3956D46DE8}") = "PearsonCorrelation-Module1", "PearsonCorrelation-Module1", "{A512F911-03B3-40FE-B85C-BF21A83A8F12}"
EndProject
Project("{FAE04EC0-301F-11D3-BF4B-00C04F79EFBC}") = "CorrelationEngine", "CorrelationEngine\CorrelationEngine.csproj", "{BB24612D-B5B0-4F2A-80E8-152254603A26}"
EndProject
Project("{FAE04EC0-301F-11D3-BF4B-00C04F79EFBC}") = "IndexersDemo", "IndexersDemo\IndexersDemo.csproj", "{2EAAD241-A4EC-48D8-A06B-B96920DE986F}"
EndProject
Project("{FAE04EC0-301F-11D3-BF4B-00C04F79EFBC}") = "AI_Test_Console", "AI_Test_Console\AI_Test_Console.csproj", "{C085EF36-5DA3-43CE-A326-4A61FF792677}"
EndProject
Project("{FAE04EC0-301F-11D3-BF4B-00C04F79EFBC}") = "PearsonRecommenderUnitTest", "PearsonRecommenderUnitTest\PearsonRecommenderUnitTest.csproj", "{15EEF531-8E99-47B9-9D57-BB0E40AC6E10}"
EndProject
Project("{2150E333-8FDC-42A3-9474-1A3956D46DE8}") = "MultiThreading", "MultiThreading", "{66E3F29A-D67F-46B0-9CA7-E2C138305A7D}"
EndProject
Project("{FAE04EC0-301F-11D3-BF4B-00C04F79EFBC}") = "MTDemo1", "MTDemo1\MTDemo1.csproj", "{71231700-B52C-4472-BA47-329C1E049034}"
EndProject
Project("{FAE04EC0-301F-11D3-BF4B-00C04F79EFBC}") = "ResponsiveWindowsFormsApp1", "ResponsiveWindowsFormsApp1\ResponsiveWindowsFormsApp1.csproj", "{42E45A37-597D-4F9B-8AF1-147C39495A0D}"
EndProject
Project("{FAE04EC0-301F-11D3-BF4B-00C04F79EFBC}") = "MTDemo3", "MTDemo3\MTDemo3.csproj", "{E2A06D4A-A9E7-49BC-A408-FEB235F492B2}"
EndProject
Project("{2150E333-8FDC-42A3-9474-1A3956D46DE8}") = "DataLoader_2", "DataLoader_2", "{53F0419E-D0E8-4D1A-AB74-7B4A69753C44}"
EndProject
Project("{FAE04EC0-301F-11D3-BF4B-00C04F79EFBC}") = "AI_DataLoader", "AI_DataLoader\AI_DataLoader.csproj", "{A92C2ED5-66F7-4F21-9F7B-AADF9F2AF17A}"
EndProject
Project("{2150E333-8FDC-42A3-9474-1A3956D46DE8}") = "DataAggregator_3", "DataAggregator_3", "{820109F2-C292-4D11-B82E-E6660FF0A66D}"
EndProject
Project("{2150E333-8FDC-42A3-9474-1A3956D46DE8}") = "Integrator_4", "Integrator_4", "{13B056B8-D6F7-4AC4-AAD5-9017C30E05E9}"
EndProject
Project("{FAE04EC0-301F-11D3-BF4B-00C04F79EFBC}") = "AI_DataAggregator", "AI_DataAggregator\AI_DataAggregator.csproj", "{1C6386DA-C01D-4798-885C-4071C630BD7C}"
EndProject
Project("{FAE04EC0-301F-11D3-BF4B-00C04F79EFBC}") = "AI_Integrator", "AI_Integrator\AI_Integrator.csproj", "{965C62E2-4F3C-4D9D-B507-E5FCB19926B9}"
EndProject
Project("{2150E333-8FDC-42A3-9474-1A3956D46DE8}") = "ConsoleApp", "ConsoleApp", "{CAF538A0-D43D-448C-A013-2433E1C20E35}"
EndProject
Project("{2150E333-8FDC-42A3-9474-1A3956D46DE8}") = "EF Demos", "EF Demos", "{FD2BA80A-8661-4AB6-BFB3-1779AA26A031}"
EndProject
Project("{FAE04EC0-301F-11D3-BF4B-00C04F79EFBC}") = "ProductsCatalogConsoleApp", "ProductsCatalogConsoleApp\ProductsCatalogConsoleApp.csproj", "{6C40FA8A-5AFE-4718-B5F1-D1C593006945}"
EndProject
Project("{FAE04EC0-301F-11D3-BF4B-00C04F79EFBC}") = "SellPhonesStoreExercise", "SellPhonesStore\SellPhonesStoreExercise.csproj", "{69A43125-4180-4CBE-9E6B-883B7F454ECB}"
EndProject
Project("{FAE04EC0-301F-11D3-BF4B-00C04F79EFBC}") = "AirlineManagementSystemExercise", "AirlineManagementSystemExercise\AirlineManagementSystemExercise.csproj", "{D786D440-3A93-4486-A951-400A7ACF66D0}"
EndProject
Project("{2150E333-8FDC-42A3-9474-1A3956D46DE8}") = "DesignPatternDemos", "DesignPatternDemos", "{6574DBFA-B268-40FB-A706-994E9B7931E4}"
EndProject
Project("{FAE04EC0-301F-11D3-BF4B-00C04F79EFBC}") = "POS_Application", "POS_Application\POS_Application.csproj", "{7F557A75-D978-445B-843D-04673515F514}"
EndProject
Project("{FAE04EC0-301F-11D3-BF4B-00C04F79EFBC}") = "DBFirstApproachConsoleApp", "DBFirstApproachConsoleApp\DBFirstApproachConsoleApp.csproj", "{A1A053B9-B0E6-4AE5-9FEE-695034997F36}"
EndProject
Project("{2150E333-8FDC-42A3-9474-1A3956D46DE8}") = "ASP.NET MVC", "ASP.NET MVC", "{E4263AF0-C889-47AF-880E-B88444179559}"
EndProject
Project("{FAE04EC0-301F-11D3-BF4B-00C04F79EFBC}") = "KnowledgeHubPortalProject", "KnowledgeHubPortalProject\KnowledgeHubPortalProject.csproj", "{938F45FA-4001-4095-9DDA-00CCA56AE4B3}"
EndProject
Project("{FAE04EC0-301F-11D3-BF4B-00C04F79EFBC}") = "HumanResourceManagementSystem", "HumanResourceManagementSystem\HumanResourceManagementSystem.csproj", "{E23AA269-D1C6-4B2D-9A46-C5CBC76BA413}"
EndProject
Project("{2150E333-8FDC-42A3-9474-1A3956D46DE8}") = "WebAPI Demo", "WebAPI Demo", "{CC783341-3471-47CA-BA9F-133FED004AE8}"
EndProject
Project("{FAE04EC0-301F-11D3-BF4B-00C04F79EFBC}") = "ProductsCatalogWebAPIDemo", "ProductsCatalogWebAPIDemo\ProductsCatalogWebAPIDemo.csproj", "{49236802-EBAC-4C41-8D92-85A84829CC3C}"
EndProject
Project("{FAE04EC0-301F-11D3-BF4B-00C04F79EFBC}") = "truYum_Application_WebAPI_Exercise", "truYum_Application_WebAPI_Exercise\truYum_Application_WebAPI_Exercise.csproj", "{24BE3408-414D-4929-83EF-EB76B8B00EE3}"
EndProject
Project("{2150E333-8FDC-42A3-9474-1A3956D46DE8}") = "Hackathon", "Hackathon", "{CD07420D-96ED-48AA-9D96-7B504FCE1657}"
EndProject
Project("{FAE04EC0-301F-11D3-BF4B-00C04F79EFBC}") = "GlobalTeleHealthPlatform", "GlobalTeleHealthPlatform\GlobalTeleHealthPlatform.csproj", "{11BB2887-F732-470A-9705-83B59C8BB88D}"
EndProject
Global
	GlobalSection(SolutionConfigurationPlatforms) = preSolution
		Debug|Any CPU = Debug|Any CPU
		Release|Any CPU = Release|Any CPU
	EndGlobalSection
	GlobalSection(ProjectConfigurationPlatforms) = postSolution
		{13D4D752-AD2E-4B0F-8B29-6DA5AEDF44F8}.Debug|Any CPU.ActiveCfg = Debug|Any CPU
		{13D4D752-AD2E-4B0F-8B29-6DA5AEDF44F8}.Debug|Any CPU.Build.0 = Debug|Any CPU
		{13D4D752-AD2E-4B0F-8B29-6DA5AEDF44F8}.Release|Any CPU.ActiveCfg = Release|Any CPU
		{13D4D752-AD2E-4B0F-8B29-6DA5AEDF44F8}.Release|Any CPU.Build.0 = Release|Any CPU
		{4D97BC6E-F28F-4CC9-BF94-C49CC35ABDB1}.Debug|Any CPU.ActiveCfg = Debug|Any CPU
		{4D97BC6E-F28F-4CC9-BF94-C49CC35ABDB1}.Debug|Any CPU.Build.0 = Debug|Any CPU
		{4D97BC6E-F28F-4CC9-BF94-C49CC35ABDB1}.Release|Any CPU.ActiveCfg = Release|Any CPU
		{4D97BC6E-F28F-4CC9-BF94-C49CC35ABDB1}.Release|Any CPU.Build.0 = Release|Any CPU
		{559CE82A-B355-452A-AC31-C15B7DF01E17}.Debug|Any CPU.ActiveCfg = Debug|Any CPU
		{559CE82A-B355-452A-AC31-C15B7DF01E17}.Debug|Any CPU.Build.0 = Debug|Any CPU
		{559CE82A-B355-452A-AC31-C15B7DF01E17}.Release|Any CPU.ActiveCfg = Release|Any CPU
		{559CE82A-B355-452A-AC31-C15B7DF01E17}.Release|Any CPU.Build.0 = Release|Any CPU
		{35A9E7FE-C490-487C-AD6C-CBA9323C7497}.Debug|Any CPU.ActiveCfg = Debug|Any CPU
		{35A9E7FE-C490-487C-AD6C-CBA9323C7497}.Debug|Any CPU.Build.0 = Debug|Any CPU
		{35A9E7FE-C490-487C-AD6C-CBA9323C7497}.Release|Any CPU.ActiveCfg = Release|Any CPU
		{35A9E7FE-C490-487C-AD6C-CBA9323C7497}.Release|Any CPU.Build.0 = Release|Any CPU
		{C74733AE-B628-4496-BBFA-A5FB1F87E7C1}.Debug|Any CPU.ActiveCfg = Debug|Any CPU
		{C74733AE-B628-4496-BBFA-A5FB1F87E7C1}.Debug|Any CPU.Build.0 = Debug|Any CPU
		{C74733AE-B628-4496-BBFA-A5FB1F87E7C1}.Release|Any CPU.ActiveCfg = Release|Any CPU
		{C74733AE-B628-4496-BBFA-A5FB1F87E7C1}.Release|Any CPU.Build.0 = Release|Any CPU
		{984D5088-9BD5-48A9-8F56-425B8999CFEC}.Debug|Any CPU.ActiveCfg = Debug|Any CPU
		{984D5088-9BD5-48A9-8F56-425B8999CFEC}.Debug|Any CPU.Build.0 = Debug|Any CPU
		{984D5088-9BD5-48A9-8F56-425B8999CFEC}.Release|Any CPU.ActiveCfg = Release|Any CPU
		{984D5088-9BD5-48A9-8F56-425B8999CFEC}.Release|Any CPU.Build.0 = Release|Any CPU
		{669119FC-33FB-4535-AAA1-0CBB8D882C32}.Debug|Any CPU.ActiveCfg = Debug|Any CPU
		{669119FC-33FB-4535-AAA1-0CBB8D882C32}.Debug|Any CPU.Build.0 = Debug|Any CPU
		{669119FC-33FB-4535-AAA1-0CBB8D882C32}.Release|Any CPU.ActiveCfg = Release|Any CPU
		{669119FC-33FB-4535-AAA1-0CBB8D882C32}.Release|Any CPU.Build.0 = Release|Any CPU
		{4D42CC22-750F-4D82-8416-FBBB1E8FE466}.Debug|Any CPU.ActiveCfg = Debug|Any CPU
		{4D42CC22-750F-4D82-8416-FBBB1E8FE466}.Debug|Any CPU.Build.0 = Debug|Any CPU
		{4D42CC22-750F-4D82-8416-FBBB1E8FE466}.Release|Any CPU.ActiveCfg = Release|Any CPU
		{4D42CC22-750F-4D82-8416-FBBB1E8FE466}.Release|Any CPU.Build.0 = Release|Any CPU
		{0DFF53E6-EC71-4F83-B7B8-DFF184795F70}.Debug|Any CPU.ActiveCfg = Debug|Any CPU
		{0DFF53E6-EC71-4F83-B7B8-DFF184795F70}.Debug|Any CPU.Build.0 = Debug|Any CPU
		{0DFF53E6-EC71-4F83-B7B8-DFF184795F70}.Release|Any CPU.ActiveCfg = Release|Any CPU
		{0DFF53E6-EC71-4F83-B7B8-DFF184795F70}.Release|Any CPU.Build.0 = Release|Any CPU
		{12FD3B86-928E-4AA2-BAE1-8EB5AEB54937}.Debug|Any CPU.ActiveCfg = Debug|Any CPU
		{12FD3B86-928E-4AA2-BAE1-8EB5AEB54937}.Debug|Any CPU.Build.0 = Debug|Any CPU
		{12FD3B86-928E-4AA2-BAE1-8EB5AEB54937}.Release|Any CPU.ActiveCfg = Release|Any CPU
		{12FD3B86-928E-4AA2-BAE1-8EB5AEB54937}.Release|Any CPU.Build.0 = Release|Any CPU
		{80639121-58AC-445B-A393-3074B80876D6}.Debug|Any CPU.ActiveCfg = Debug|Any CPU
		{80639121-58AC-445B-A393-3074B80876D6}.Debug|Any CPU.Build.0 = Debug|Any CPU
		{80639121-58AC-445B-A393-3074B80876D6}.Release|Any CPU.ActiveCfg = Release|Any CPU
		{80639121-58AC-445B-A393-3074B80876D6}.Release|Any CPU.Build.0 = Release|Any CPU
		{447EC8D0-6DB6-46B4-B6C7-486E256C74C2}.Debug|Any CPU.ActiveCfg = Debug|Any CPU
		{447EC8D0-6DB6-46B4-B6C7-486E256C74C2}.Debug|Any CPU.Build.0 = Debug|Any CPU
		{447EC8D0-6DB6-46B4-B6C7-486E256C74C2}.Release|Any CPU.ActiveCfg = Release|Any CPU
		{447EC8D0-6DB6-46B4-B6C7-486E256C74C2}.Release|Any CPU.Build.0 = Release|Any CPU
		{6E2E5618-A8D6-420B-AA36-6D3BFC5430E6}.Debug|Any CPU.ActiveCfg = Debug|Any CPU
		{6E2E5618-A8D6-420B-AA36-6D3BFC5430E6}.Debug|Any CPU.Build.0 = Debug|Any CPU
		{6E2E5618-A8D6-420B-AA36-6D3BFC5430E6}.Release|Any CPU.ActiveCfg = Release|Any CPU
		{6E2E5618-A8D6-420B-AA36-6D3BFC5430E6}.Release|Any CPU.Build.0 = Release|Any CPU
		{2F334075-7E50-47BC-9E1C-27CC1D4F41F8}.Debug|Any CPU.ActiveCfg = Debug|Any CPU
		{2F334075-7E50-47BC-9E1C-27CC1D4F41F8}.Debug|Any CPU.Build.0 = Debug|Any CPU
		{2F334075-7E50-47BC-9E1C-27CC1D4F41F8}.Release|Any CPU.ActiveCfg = Release|Any CPU
		{2F334075-7E50-47BC-9E1C-27CC1D4F41F8}.Release|Any CPU.Build.0 = Release|Any CPU
		{14D800E2-64E7-4D5B-89C6-6043155A2FE6}.Debug|Any CPU.ActiveCfg = Debug|Any CPU
		{14D800E2-64E7-4D5B-89C6-6043155A2FE6}.Debug|Any CPU.Build.0 = Debug|Any CPU
		{14D800E2-64E7-4D5B-89C6-6043155A2FE6}.Release|Any CPU.ActiveCfg = Release|Any CPU
		{14D800E2-64E7-4D5B-89C6-6043155A2FE6}.Release|Any CPU.Build.0 = Release|Any CPU
		{5B0873A1-9589-48C7-973C-A874823C6667}.Debug|Any CPU.ActiveCfg = Debug|Any CPU
		{5B0873A1-9589-48C7-973C-A874823C6667}.Debug|Any CPU.Build.0 = Debug|Any CPU
		{5B0873A1-9589-48C7-973C-A874823C6667}.Release|Any CPU.ActiveCfg = Release|Any CPU
		{5B0873A1-9589-48C7-973C-A874823C6667}.Release|Any CPU.Build.0 = Release|Any CPU
		{5960C407-31D7-4413-B01C-09B8C368523D}.Debug|Any CPU.ActiveCfg = Debug|Any CPU
		{5960C407-31D7-4413-B01C-09B8C368523D}.Debug|Any CPU.Build.0 = Debug|Any CPU
		{5960C407-31D7-4413-B01C-09B8C368523D}.Release|Any CPU.ActiveCfg = Release|Any CPU
		{5960C407-31D7-4413-B01C-09B8C368523D}.Release|Any CPU.Build.0 = Release|Any CPU
		{1E6911B9-5691-41AC-9B26-F2CE636CFDB2}.Debug|Any CPU.ActiveCfg = Debug|Any CPU
		{1E6911B9-5691-41AC-9B26-F2CE636CFDB2}.Debug|Any CPU.Build.0 = Debug|Any CPU
		{1E6911B9-5691-41AC-9B26-F2CE636CFDB2}.Release|Any CPU.ActiveCfg = Release|Any CPU
		{1E6911B9-5691-41AC-9B26-F2CE636CFDB2}.Release|Any CPU.Build.0 = Release|Any CPU
		{EE409741-8A4E-4CFF-975C-AC74ADE39B53}.Debug|Any CPU.ActiveCfg = Debug|Any CPU
		{EE409741-8A4E-4CFF-975C-AC74ADE39B53}.Debug|Any CPU.Build.0 = Debug|Any CPU
		{EE409741-8A4E-4CFF-975C-AC74ADE39B53}.Release|Any CPU.ActiveCfg = Release|Any CPU
		{EE409741-8A4E-4CFF-975C-AC74ADE39B53}.Release|Any CPU.Build.0 = Release|Any CPU
		{C0D47EA1-830C-404D-8273-4AD65855AB65}.Debug|Any CPU.ActiveCfg = Debug|Any CPU
		{C0D47EA1-830C-404D-8273-4AD65855AB65}.Debug|Any CPU.Build.0 = Debug|Any CPU
		{C0D47EA1-830C-404D-8273-4AD65855AB65}.Release|Any CPU.ActiveCfg = Release|Any CPU
		{C0D47EA1-830C-404D-8273-4AD65855AB65}.Release|Any CPU.Build.0 = Release|Any CPU
		{C3EACD2D-6B5E-4935-BDB1-04C1F9B0109B}.Debug|Any CPU.ActiveCfg = Debug|Any CPU
		{C3EACD2D-6B5E-4935-BDB1-04C1F9B0109B}.Debug|Any CPU.Build.0 = Debug|Any CPU
		{C3EACD2D-6B5E-4935-BDB1-04C1F9B0109B}.Release|Any CPU.ActiveCfg = Release|Any CPU
		{C3EACD2D-6B5E-4935-BDB1-04C1F9B0109B}.Release|Any CPU.Build.0 = Release|Any CPU
		{46B03D9A-9E29-4611-B9C1-34118F8D7719}.Debug|Any CPU.ActiveCfg = Debug|Any CPU
		{46B03D9A-9E29-4611-B9C1-34118F8D7719}.Debug|Any CPU.Build.0 = Debug|Any CPU
		{46B03D9A-9E29-4611-B9C1-34118F8D7719}.Release|Any CPU.ActiveCfg = Release|Any CPU
		{46B03D9A-9E29-4611-B9C1-34118F8D7719}.Release|Any CPU.Build.0 = Release|Any CPU
		{57D9F106-392C-4F21-AF3F-675B786AA181}.Debug|Any CPU.ActiveCfg = Debug|Any CPU
		{57D9F106-392C-4F21-AF3F-675B786AA181}.Debug|Any CPU.Build.0 = Debug|Any CPU
		{57D9F106-392C-4F21-AF3F-675B786AA181}.Release|Any CPU.ActiveCfg = Release|Any CPU
		{57D9F106-392C-4F21-AF3F-675B786AA181}.Release|Any CPU.Build.0 = Release|Any CPU
		{C267E8B4-1BF3-4190-9877-33133F7BF766}.Debug|Any CPU.ActiveCfg = Debug|Any CPU
		{C267E8B4-1BF3-4190-9877-33133F7BF766}.Debug|Any CPU.Build.0 = Debug|Any CPU
		{C267E8B4-1BF3-4190-9877-33133F7BF766}.Release|Any CPU.ActiveCfg = Release|Any CPU
		{C267E8B4-1BF3-4190-9877-33133F7BF766}.Release|Any CPU.Build.0 = Release|Any CPU
		{8C4B6A13-EEA9-4554-B9D0-1ADDD07E938C}.Debug|Any CPU.ActiveCfg = Debug|Any CPU
		{8C4B6A13-EEA9-4554-B9D0-1ADDD07E938C}.Debug|Any CPU.Build.0 = Debug|Any CPU
		{8C4B6A13-EEA9-4554-B9D0-1ADDD07E938C}.Release|Any CPU.ActiveCfg = Release|Any CPU
		{8C4B6A13-EEA9-4554-B9D0-1ADDD07E938C}.Release|Any CPU.Build.0 = Release|Any CPU
		{D8BC6109-6D94-4A72-AE79-4C65B0506D05}.Debug|Any CPU.ActiveCfg = Debug|Any CPU
		{D8BC6109-6D94-4A72-AE79-4C65B0506D05}.Debug|Any CPU.Build.0 = Debug|Any CPU
		{D8BC6109-6D94-4A72-AE79-4C65B0506D05}.Release|Any CPU.ActiveCfg = Release|Any CPU
		{D8BC6109-6D94-4A72-AE79-4C65B0506D05}.Release|Any CPU.Build.0 = Release|Any CPU
		{AC6F539D-BC5F-4A0B-A55A-E13ABC94534F}.Debug|Any CPU.ActiveCfg = Debug|Any CPU
		{AC6F539D-BC5F-4A0B-A55A-E13ABC94534F}.Debug|Any CPU.Build.0 = Debug|Any CPU
		{AC6F539D-BC5F-4A0B-A55A-E13ABC94534F}.Release|Any CPU.ActiveCfg = Release|Any CPU
		{AC6F539D-BC5F-4A0B-A55A-E13ABC94534F}.Release|Any CPU.Build.0 = Release|Any CPU
		{B0B19CDD-190B-4695-A223-C0FB68B3BC3D}.Debug|Any CPU.ActiveCfg = Debug|Any CPU
		{B0B19CDD-190B-4695-A223-C0FB68B3BC3D}.Debug|Any CPU.Build.0 = Debug|Any CPU
		{B0B19CDD-190B-4695-A223-C0FB68B3BC3D}.Release|Any CPU.ActiveCfg = Release|Any CPU
		{B0B19CDD-190B-4695-A223-C0FB68B3BC3D}.Release|Any CPU.Build.0 = Release|Any CPU
		{B8FA26F1-97D7-4D7C-B5E6-6203E1B1E7CE}.Debug|Any CPU.ActiveCfg = Debug|Any CPU
		{B8FA26F1-97D7-4D7C-B5E6-6203E1B1E7CE}.Debug|Any CPU.Build.0 = Debug|Any CPU
		{B8FA26F1-97D7-4D7C-B5E6-6203E1B1E7CE}.Release|Any CPU.ActiveCfg = Release|Any CPU
		{B8FA26F1-97D7-4D7C-B5E6-6203E1B1E7CE}.Release|Any CPU.Build.0 = Release|Any CPU
		{21FCDFFB-0508-4224-AC6C-D2A0DE7E833A}.Debug|Any CPU.ActiveCfg = Debug|Any CPU
		{21FCDFFB-0508-4224-AC6C-D2A0DE7E833A}.Debug|Any CPU.Build.0 = Debug|Any CPU
		{21FCDFFB-0508-4224-AC6C-D2A0DE7E833A}.Release|Any CPU.ActiveCfg = Release|Any CPU
		{21FCDFFB-0508-4224-AC6C-D2A0DE7E833A}.Release|Any CPU.Build.0 = Release|Any CPU
		{26C34B0A-1A07-4027-8C95-6CA323EBB5FE}.Debug|Any CPU.ActiveCfg = Debug|Any CPU
		{26C34B0A-1A07-4027-8C95-6CA323EBB5FE}.Debug|Any CPU.Build.0 = Debug|Any CPU
		{26C34B0A-1A07-4027-8C95-6CA323EBB5FE}.Release|Any CPU.ActiveCfg = Release|Any CPU
		{26C34B0A-1A07-4027-8C95-6CA323EBB5FE}.Release|Any CPU.Build.0 = Release|Any CPU
		{B66DD470-E67C-4860-9AB3-1305C700F05B}.Debug|Any CPU.ActiveCfg = Debug|Any CPU
		{B66DD470-E67C-4860-9AB3-1305C700F05B}.Debug|Any CPU.Build.0 = Debug|Any CPU
		{B66DD470-E67C-4860-9AB3-1305C700F05B}.Release|Any CPU.ActiveCfg = Release|Any CPU
		{B66DD470-E67C-4860-9AB3-1305C700F05B}.Release|Any CPU.Build.0 = Release|Any CPU
		{EFA7CDBB-5C64-4865-9F88-7EFC53CD7F0B}.Debug|Any CPU.ActiveCfg = Debug|Any CPU
		{EFA7CDBB-5C64-4865-9F88-7EFC53CD7F0B}.Debug|Any CPU.Build.0 = Debug|Any CPU
		{EFA7CDBB-5C64-4865-9F88-7EFC53CD7F0B}.Release|Any CPU.ActiveCfg = Release|Any CPU
		{EFA7CDBB-5C64-4865-9F88-7EFC53CD7F0B}.Release|Any CPU.Build.0 = Release|Any CPU
		{046DC81D-B2D2-4187-99BE-58BDBB45CCC1}.Debug|Any CPU.ActiveCfg = Debug|Any CPU
		{046DC81D-B2D2-4187-99BE-58BDBB45CCC1}.Debug|Any CPU.Build.0 = Debug|Any CPU
		{046DC81D-B2D2-4187-99BE-58BDBB45CCC1}.Release|Any CPU.ActiveCfg = Release|Any CPU
		{046DC81D-B2D2-4187-99BE-58BDBB45CCC1}.Release|Any CPU.Build.0 = Release|Any CPU
		{EE8E28C1-FCEE-40B5-9340-120C6606C100}.Debug|Any CPU.ActiveCfg = Debug|Any CPU
		{EE8E28C1-FCEE-40B5-9340-120C6606C100}.Debug|Any CPU.Build.0 = Debug|Any CPU
		{EE8E28C1-FCEE-40B5-9340-120C6606C100}.Release|Any CPU.ActiveCfg = Release|Any CPU
		{EE8E28C1-FCEE-40B5-9340-120C6606C100}.Release|Any CPU.Build.0 = Release|Any CPU
		{FBA63911-F756-4D53-AEDC-2AB829EA212A}.Debug|Any CPU.ActiveCfg = Debug|Any CPU
		{FBA63911-F756-4D53-AEDC-2AB829EA212A}.Debug|Any CPU.Build.0 = Debug|Any CPU
		{FBA63911-F756-4D53-AEDC-2AB829EA212A}.Release|Any CPU.ActiveCfg = Release|Any CPU
		{FBA63911-F756-4D53-AEDC-2AB829EA212A}.Release|Any CPU.Build.0 = Release|Any CPU
		{C36AD576-D640-4DB3-92D3-26C18108779F}.Debug|Any CPU.ActiveCfg = Debug|Any CPU
		{C36AD576-D640-4DB3-92D3-26C18108779F}.Debug|Any CPU.Build.0 = Debug|Any CPU
		{C36AD576-D640-4DB3-92D3-26C18108779F}.Release|Any CPU.ActiveCfg = Release|Any CPU
		{C36AD576-D640-4DB3-92D3-26C18108779F}.Release|Any CPU.Build.0 = Release|Any CPU
		{74DDA5AC-8353-4046-8F08-7B685B6A917C}.Debug|Any CPU.ActiveCfg = Debug|Any CPU
		{74DDA5AC-8353-4046-8F08-7B685B6A917C}.Debug|Any CPU.Build.0 = Debug|Any CPU
		{74DDA5AC-8353-4046-8F08-7B685B6A917C}.Release|Any CPU.ActiveCfg = Release|Any CPU
		{74DDA5AC-8353-4046-8F08-7B685B6A917C}.Release|Any CPU.Build.0 = Release|Any CPU
		{F1F3F298-1F33-4FDF-A775-6B52A506BF5F}.Debug|Any CPU.ActiveCfg = Debug|Any CPU
		{F1F3F298-1F33-4FDF-A775-6B52A506BF5F}.Debug|Any CPU.Build.0 = Debug|Any CPU
		{F1F3F298-1F33-4FDF-A775-6B52A506BF5F}.Release|Any CPU.ActiveCfg = Release|Any CPU
		{F1F3F298-1F33-4FDF-A775-6B52A506BF5F}.Release|Any CPU.Build.0 = Release|Any CPU
		{BB24612D-B5B0-4F2A-80E8-152254603A26}.Debug|Any CPU.ActiveCfg = Debug|Any CPU
		{BB24612D-B5B0-4F2A-80E8-152254603A26}.Debug|Any CPU.Build.0 = Debug|Any CPU
		{BB24612D-B5B0-4F2A-80E8-152254603A26}.Release|Any CPU.ActiveCfg = Release|Any CPU
		{BB24612D-B5B0-4F2A-80E8-152254603A26}.Release|Any CPU.Build.0 = Release|Any CPU
		{2EAAD241-A4EC-48D8-A06B-B96920DE986F}.Debug|Any CPU.ActiveCfg = Debug|Any CPU
		{2EAAD241-A4EC-48D8-A06B-B96920DE986F}.Debug|Any CPU.Build.0 = Debug|Any CPU
		{2EAAD241-A4EC-48D8-A06B-B96920DE986F}.Release|Any CPU.ActiveCfg = Release|Any CPU
		{2EAAD241-A4EC-48D8-A06B-B96920DE986F}.Release|Any CPU.Build.0 = Release|Any CPU
		{C085EF36-5DA3-43CE-A326-4A61FF792677}.Debug|Any CPU.ActiveCfg = Debug|Any CPU
		{C085EF36-5DA3-43CE-A326-4A61FF792677}.Debug|Any CPU.Build.0 = Debug|Any CPU
		{C085EF36-5DA3-43CE-A326-4A61FF792677}.Release|Any CPU.ActiveCfg = Release|Any CPU
		{C085EF36-5DA3-43CE-A326-4A61FF792677}.Release|Any CPU.Build.0 = Release|Any CPU
		{15EEF531-8E99-47B9-9D57-BB0E40AC6E10}.Debug|Any CPU.ActiveCfg = Debug|Any CPU
		{15EEF531-8E99-47B9-9D57-BB0E40AC6E10}.Debug|Any CPU.Build.0 = Debug|Any CPU
		{15EEF531-8E99-47B9-9D57-BB0E40AC6E10}.Release|Any CPU.ActiveCfg = Release|Any CPU
		{15EEF531-8E99-47B9-9D57-BB0E40AC6E10}.Release|Any CPU.Build.0 = Release|Any CPU
		{71231700-B52C-4472-BA47-329C1E049034}.Debug|Any CPU.ActiveCfg = Debug|Any CPU
		{71231700-B52C-4472-BA47-329C1E049034}.Debug|Any CPU.Build.0 = Debug|Any CPU
		{71231700-B52C-4472-BA47-329C1E049034}.Release|Any CPU.ActiveCfg = Release|Any CPU
		{71231700-B52C-4472-BA47-329C1E049034}.Release|Any CPU.Build.0 = Release|Any CPU
		{42E45A37-597D-4F9B-8AF1-147C39495A0D}.Debug|Any CPU.ActiveCfg = Debug|Any CPU
		{42E45A37-597D-4F9B-8AF1-147C39495A0D}.Debug|Any CPU.Build.0 = Debug|Any CPU
		{42E45A37-597D-4F9B-8AF1-147C39495A0D}.Release|Any CPU.ActiveCfg = Release|Any CPU
		{42E45A37-597D-4F9B-8AF1-147C39495A0D}.Release|Any CPU.Build.0 = Release|Any CPU
		{E2A06D4A-A9E7-49BC-A408-FEB235F492B2}.Debug|Any CPU.ActiveCfg = Debug|Any CPU
		{E2A06D4A-A9E7-49BC-A408-FEB235F492B2}.Debug|Any CPU.Build.0 = Debug|Any CPU
		{E2A06D4A-A9E7-49BC-A408-FEB235F492B2}.Release|Any CPU.ActiveCfg = Release|Any CPU
		{E2A06D4A-A9E7-49BC-A408-FEB235F492B2}.Release|Any CPU.Build.0 = Release|Any CPU
		{A92C2ED5-66F7-4F21-9F7B-AADF9F2AF17A}.Debug|Any CPU.ActiveCfg = Debug|Any CPU
		{A92C2ED5-66F7-4F21-9F7B-AADF9F2AF17A}.Debug|Any CPU.Build.0 = Debug|Any CPU
		{A92C2ED5-66F7-4F21-9F7B-AADF9F2AF17A}.Release|Any CPU.ActiveCfg = Release|Any CPU
		{A92C2ED5-66F7-4F21-9F7B-AADF9F2AF17A}.Release|Any CPU.Build.0 = Release|Any CPU
		{1C6386DA-C01D-4798-885C-4071C630BD7C}.Debug|Any CPU.ActiveCfg = Debug|Any CPU
		{1C6386DA-C01D-4798-885C-4071C630BD7C}.Debug|Any CPU.Build.0 = Debug|Any CPU
		{1C6386DA-C01D-4798-885C-4071C630BD7C}.Release|Any CPU.ActiveCfg = Release|Any CPU
		{1C6386DA-C01D-4798-885C-4071C630BD7C}.Release|Any CPU.Build.0 = Release|Any CPU
		{965C62E2-4F3C-4D9D-B507-E5FCB19926B9}.Debug|Any CPU.ActiveCfg = Debug|Any CPU
		{965C62E2-4F3C-4D9D-B507-E5FCB19926B9}.Debug|Any CPU.Build.0 = Debug|Any CPU
		{965C62E2-4F3C-4D9D-B507-E5FCB19926B9}.Release|Any CPU.ActiveCfg = Release|Any CPU
		{965C62E2-4F3C-4D9D-B507-E5FCB19926B9}.Release|Any CPU.Build.0 = Release|Any CPU
		{6C40FA8A-5AFE-4718-B5F1-D1C593006945}.Debug|Any CPU.ActiveCfg = Debug|Any CPU
		{6C40FA8A-5AFE-4718-B5F1-D1C593006945}.Debug|Any CPU.Build.0 = Debug|Any CPU
		{6C40FA8A-5AFE-4718-B5F1-D1C593006945}.Release|Any CPU.ActiveCfg = Release|Any CPU
		{6C40FA8A-5AFE-4718-B5F1-D1C593006945}.Release|Any CPU.Build.0 = Release|Any CPU
		{69A43125-4180-4CBE-9E6B-883B7F454ECB}.Debug|Any CPU.ActiveCfg = Debug|Any CPU
		{69A43125-4180-4CBE-9E6B-883B7F454ECB}.Debug|Any CPU.Build.0 = Debug|Any CPU
		{69A43125-4180-4CBE-9E6B-883B7F454ECB}.Release|Any CPU.ActiveCfg = Release|Any CPU
		{69A43125-4180-4CBE-9E6B-883B7F454ECB}.Release|Any CPU.Build.0 = Release|Any CPU
		{D786D440-3A93-4486-A951-400A7ACF66D0}.Debug|Any CPU.ActiveCfg = Debug|Any CPU
		{D786D440-3A93-4486-A951-400A7ACF66D0}.Debug|Any CPU.Build.0 = Debug|Any CPU
		{D786D440-3A93-4486-A951-400A7ACF66D0}.Release|Any CPU.ActiveCfg = Release|Any CPU
		{D786D440-3A93-4486-A951-400A7ACF66D0}.Release|Any CPU.Build.0 = Release|Any CPU
		{7F557A75-D978-445B-843D-04673515F514}.Debug|Any CPU.ActiveCfg = Debug|Any CPU
		{7F557A75-D978-445B-843D-04673515F514}.Debug|Any CPU.Build.0 = Debug|Any CPU
		{7F557A75-D978-445B-843D-04673515F514}.Release|Any CPU.ActiveCfg = Release|Any CPU
		{7F557A75-D978-445B-843D-04673515F514}.Release|Any CPU.Build.0 = Release|Any CPU
		{A1A053B9-B0E6-4AE5-9FEE-695034997F36}.Debug|Any CPU.ActiveCfg = Debug|Any CPU
		{A1A053B9-B0E6-4AE5-9FEE-695034997F36}.Debug|Any CPU.Build.0 = Debug|Any CPU
		{A1A053B9-B0E6-4AE5-9FEE-695034997F36}.Release|Any CPU.ActiveCfg = Release|Any CPU
		{A1A053B9-B0E6-4AE5-9FEE-695034997F36}.Release|Any CPU.Build.0 = Release|Any CPU
		{938F45FA-4001-4095-9DDA-00CCA56AE4B3}.Debug|Any CPU.ActiveCfg = Debug|Any CPU
		{938F45FA-4001-4095-9DDA-00CCA56AE4B3}.Debug|Any CPU.Build.0 = Debug|Any CPU
		{938F45FA-4001-4095-9DDA-00CCA56AE4B3}.Release|Any CPU.ActiveCfg = Release|Any CPU
		{938F45FA-4001-4095-9DDA-00CCA56AE4B3}.Release|Any CPU.Build.0 = Release|Any CPU
		{E23AA269-D1C6-4B2D-9A46-C5CBC76BA413}.Debug|Any CPU.ActiveCfg = Debug|Any CPU
		{E23AA269-D1C6-4B2D-9A46-C5CBC76BA413}.Debug|Any CPU.Build.0 = Debug|Any CPU
		{E23AA269-D1C6-4B2D-9A46-C5CBC76BA413}.Release|Any CPU.ActiveCfg = Release|Any CPU
		{E23AA269-D1C6-4B2D-9A46-C5CBC76BA413}.Release|Any CPU.Build.0 = Release|Any CPU
		{49236802-EBAC-4C41-8D92-85A84829CC3C}.Debug|Any CPU.ActiveCfg = Debug|Any CPU
		{49236802-EBAC-4C41-8D92-85A84829CC3C}.Debug|Any CPU.Build.0 = Debug|Any CPU
		{49236802-EBAC-4C41-8D92-85A84829CC3C}.Release|Any CPU.ActiveCfg = Release|Any CPU
		{49236802-EBAC-4C41-8D92-85A84829CC3C}.Release|Any CPU.Build.0 = Release|Any CPU
		{24BE3408-414D-4929-83EF-EB76B8B00EE3}.Debug|Any CPU.ActiveCfg = Debug|Any CPU
		{24BE3408-414D-4929-83EF-EB76B8B00EE3}.Debug|Any CPU.Build.0 = Debug|Any CPU
		{24BE3408-414D-4929-83EF-EB76B8B00EE3}.Release|Any CPU.ActiveCfg = Release|Any CPU
		{24BE3408-414D-4929-83EF-EB76B8B00EE3}.Release|Any CPU.Build.0 = Release|Any CPU
		{11BB2887-F732-470A-9705-83B59C8BB88D}.Debug|Any CPU.ActiveCfg = Debug|Any CPU
		{11BB2887-F732-470A-9705-83B59C8BB88D}.Debug|Any CPU.Build.0 = Debug|Any CPU
		{11BB2887-F732-470A-9705-83B59C8BB88D}.Release|Any CPU.ActiveCfg = Release|Any CPU
		{11BB2887-F732-470A-9705-83B59C8BB88D}.Release|Any CPU.Build.0 = Release|Any CPU
	EndGlobalSection
	GlobalSection(SolutionProperties) = preSolution
		HideSolutionNode = FALSE
	EndGlobalSection
	GlobalSection(NestedProjects) = preSolution
		{73E12A1E-3466-4094-8C7D-3EEDCADB63CC} = {93C9C994-1092-472B-9FB2-A6655850EE28}
		{4D97BC6E-F28F-4CC9-BF94-C49CC35ABDB1} = {73E12A1E-3466-4094-8C7D-3EEDCADB63CC}
		{C74733AE-B628-4496-BBFA-A5FB1F87E7C1} = {1860C72C-7767-42CB-8A85-BD90ADE07697}
		{1E6911B9-5691-41AC-9B26-F2CE636CFDB2} = {344621BD-B65D-4642-B299-F88265525948}
		{C0D47EA1-830C-404D-8273-4AD65855AB65} = {344621BD-B65D-4642-B299-F88265525948}
		{C3EACD2D-6B5E-4935-BDB1-04C1F9B0109B} = {344621BD-B65D-4642-B299-F88265525948}
		{46B03D9A-9E29-4611-B9C1-34118F8D7719} = {344621BD-B65D-4642-B299-F88265525948}
		{57D9F106-392C-4F21-AF3F-675B786AA181} = {344621BD-B65D-4642-B299-F88265525948}
		{8C4B6A13-EEA9-4554-B9D0-1ADDD07E938C} = {344621BD-B65D-4642-B299-F88265525948}
		{D8BC6109-6D94-4A72-AE79-4C65B0506D05} = {C23F80D9-8452-4F83-B928-6590594083DD}
		{B0B19CDD-190B-4695-A223-C0FB68B3BC3D} = {D8E79DD1-7060-43FB-897E-7F5DCDF5CFE4}
		{D8E79DD1-7060-43FB-897E-7F5DCDF5CFE4} = {93C9C994-1092-472B-9FB2-A6655850EE28}
		{B8FA26F1-97D7-4D7C-B5E6-6203E1B1E7CE} = {73E12A1E-3466-4094-8C7D-3EEDCADB63CC}
		{69579945-297A-46EF-B64E-C4AEB27CDA97} = {63AD4A5D-95AA-4EFA-968D-EE868E640DDA}
		{21FCDFFB-0508-4224-AC6C-D2A0DE7E833A} = {69579945-297A-46EF-B64E-C4AEB27CDA97}
		{26C34B0A-1A07-4027-8C95-6CA323EBB5FE} = {69579945-297A-46EF-B64E-C4AEB27CDA97}
		{09ED01AE-ED19-424A-91A1-9D03F8C15DE2} = {93C9C994-1092-472B-9FB2-A6655850EE28}
		{EFA7CDBB-5C64-4865-9F88-7EFC53CD7F0B} = {09ED01AE-ED19-424A-91A1-9D03F8C15DE2}
		{046DC81D-B2D2-4187-99BE-58BDBB45CCC1} = {750E19BF-58E3-40A6-836B-20148A9DB822}
		{EE8E28C1-FCEE-40B5-9340-120C6606C100} = {750E19BF-58E3-40A6-836B-20148A9DB822}
		{FBA63911-F756-4D53-AEDC-2AB829EA212A} = {750E19BF-58E3-40A6-836B-20148A9DB822}
		{C36AD576-D640-4DB3-92D3-26C18108779F} = {4AE10335-3F5A-4A66-8512-01B94EAA456F}
		{74DDA5AC-8353-4046-8F08-7B685B6A917C} = {4AE10335-3F5A-4A66-8512-01B94EAA456F}
		{F1F3F298-1F33-4FDF-A775-6B52A506BF5F} = {4AE10335-3F5A-4A66-8512-01B94EAA456F}
		{A512F911-03B3-40FE-B85C-BF21A83A8F12} = {0B23955F-39D0-4C14-A01C-3DACBFF1C83F}
		{BB24612D-B5B0-4F2A-80E8-152254603A26} = {A512F911-03B3-40FE-B85C-BF21A83A8F12}
		{C085EF36-5DA3-43CE-A326-4A61FF792677} = {CAF538A0-D43D-448C-A013-2433E1C20E35}
		{15EEF531-8E99-47B9-9D57-BB0E40AC6E10} = {A512F911-03B3-40FE-B85C-BF21A83A8F12}
		{71231700-B52C-4472-BA47-329C1E049034} = {66E3F29A-D67F-46B0-9CA7-E2C138305A7D}
		{42E45A37-597D-4F9B-8AF1-147C39495A0D} = {66E3F29A-D67F-46B0-9CA7-E2C138305A7D}
		{E2A06D4A-A9E7-49BC-A408-FEB235F492B2} = {66E3F29A-D67F-46B0-9CA7-E2C138305A7D}
		{53F0419E-D0E8-4D1A-AB74-7B4A69753C44} = {0B23955F-39D0-4C14-A01C-3DACBFF1C83F}
		{A92C2ED5-66F7-4F21-9F7B-AADF9F2AF17A} = {53F0419E-D0E8-4D1A-AB74-7B4A69753C44}
		{820109F2-C292-4D11-B82E-E6660FF0A66D} = {0B23955F-39D0-4C14-A01C-3DACBFF1C83F}
		{13B056B8-D6F7-4AC4-AAD5-9017C30E05E9} = {0B23955F-39D0-4C14-A01C-3DACBFF1C83F}
		{1C6386DA-C01D-4798-885C-4071C630BD7C} = {820109F2-C292-4D11-B82E-E6660FF0A66D}
		{965C62E2-4F3C-4D9D-B507-E5FCB19926B9} = {13B056B8-D6F7-4AC4-AAD5-9017C30E05E9}
		{CAF538A0-D43D-448C-A013-2433E1C20E35} = {0B23955F-39D0-4C14-A01C-3DACBFF1C83F}
		{6C40FA8A-5AFE-4718-B5F1-D1C593006945} = {FD2BA80A-8661-4AB6-BFB3-1779AA26A031}
		{69A43125-4180-4CBE-9E6B-883B7F454ECB} = {FD2BA80A-8661-4AB6-BFB3-1779AA26A031}
		{D786D440-3A93-4486-A951-400A7ACF66D0} = {FD2BA80A-8661-4AB6-BFB3-1779AA26A031}
		{7F557A75-D978-445B-843D-04673515F514} = {6574DBFA-B268-40FB-A706-994E9B7931E4}
		{A1A053B9-B0E6-4AE5-9FEE-695034997F36} = {FD2BA80A-8661-4AB6-BFB3-1779AA26A031}
		{938F45FA-4001-4095-9DDA-00CCA56AE4B3} = {E4263AF0-C889-47AF-880E-B88444179559}
		{E23AA269-D1C6-4B2D-9A46-C5CBC76BA413} = {E4263AF0-C889-47AF-880E-B88444179559}
		{49236802-EBAC-4C41-8D92-85A84829CC3C} = {CC783341-3471-47CA-BA9F-133FED004AE8}
		{24BE3408-414D-4929-83EF-EB76B8B00EE3} = {CC783341-3471-47CA-BA9F-133FED004AE8}
		{11BB2887-F732-470A-9705-83B59C8BB88D} = {CD07420D-96ED-48AA-9D96-7B504FCE1657}
	EndGlobalSection
	GlobalSection(ExtensibilityGlobals) = postSolution
		SolutionGuid = {CED706D4-D770-47DE-9DA0-DC3D940DDB9E}
	EndGlobalSection
EndGlobal
